PODS:
  - Bolts (1.9.0):
    - Bolts/AppLinks (= 1.9.0)
    - Bolts/Tasks (= 1.9.0)
  - Bolts/AppLinks (1.9.0):
    - Bolts/Tasks
  - Bolts/Tasks (1.9.0)
  - BoringSSL (10.0):
    - BoringSSL/Implementation (= 10.0)
    - BoringSSL/Interface (= 10.0)
  - BoringSSL/Implementation (10.0):
    - BoringSSL/Interface (= 10.0)
  - BoringSSL/Interface (10.0)
  - FBSDKCoreKit (4.31.0):
    - Bolts (~> 1.7)
  - FBSDKLoginKit (4.31.0):
    - FBSDKCoreKit
  - FBSDKShareKit (4.31.0):
    - FBSDKCoreKit (~> 4.31.0)
  - Firebase (4.9.0):
    - Firebase/Core (= 4.9.0)
  - Firebase/Auth (4.9.0):
    - Firebase/Core
    - FirebaseAuth (= 4.4.3)
  - Firebase/Core (4.9.0):
    - FirebaseAnalytics (= 4.0.9)
    - FirebaseCore (= 4.0.15)
  - Firebase/Database (4.9.0):
    - Firebase/Core
    - FirebaseDatabase (= 4.1.4)
  - Firebase/Firestore (4.9.0):
    - Firebase/Core
    - FirebaseFirestore (= 0.10.1)
  - Firebase/Messaging (4.9.0):
    - Firebase/Core
    - FirebaseMessaging (= 2.1.0)
  - Firebase/Storage (4.9.0):
    - Firebase/Core
    - FirebaseStorage (= 2.1.2)
  - FirebaseAnalytics (4.0.9):
    - FirebaseCore (~> 4.0)
    - FirebaseInstanceID (~> 2.0)
    - GoogleToolboxForMac/NSData+zlib (~> 2.1)
    - nanopb (~> 0.3)
  - FirebaseAuth (4.4.3):
    - FirebaseAnalytics (~> 4.0)
    - GoogleToolboxForMac/NSDictionary+URLArguments (~> 2.1)
    - GTMSessionFetcher/Core (~> 1.1)
  - FirebaseCore (4.0.15):
    - GoogleToolboxForMac/NSData+zlib (~> 2.1)
  - FirebaseDatabase (4.1.4):
    - FirebaseAnalytics (~> 4.0)
    - FirebaseCore (~> 4.0)
    - leveldb-library (~> 1.18)
  - FirebaseFirestore (0.10.1):
    - FirebaseAnalytics (~> 4.0)
    - FirebaseCore (~> 4.0)
    - gRPC-ProtoRPC (~> 1.0)
    - leveldb-library (~> 1.18)
    - Protobuf (~> 3.1)
  - FirebaseInstanceID (2.0.9):
    - FirebaseCore (~> 4.0)
  - FirebaseMessaging (2.1.0):
    - FirebaseAnalytics (~> 4.0)
    - FirebaseCore (~> 4.0)
    - FirebaseInstanceID (~> 2.0)
    - GoogleToolboxForMac/Logger (~> 2.1)
    - Protobuf (~> 3.1)
  - FirebaseStorage (2.1.2):
    - FirebaseAnalytics (~> 4.0)
    - FirebaseCore (~> 4.0)
    - GTMSessionFetcher/Core (~> 1.1)
  - GoogleMaps (2.2.0):
    - GoogleMaps/Maps (= 2.2.0)
  - GoogleMaps/Base (2.2.0)
  - GoogleMaps/Maps (2.2.0):
    - GoogleMaps/Base
  - GooglePlaces (2.2.0):
    - GoogleMaps/Base (= 2.2.0)
  - GooglePlacesSearchController (0.1.7)
  - GoogleSignIn (4.1.2):
    - GoogleToolboxForMac/NSDictionary+URLArguments (~> 2.1)
    - GoogleToolboxForMac/NSString+URLArguments (~> 2.1)
    - GTMOAuth2 (~> 1.0)
    - GTMSessionFetcher/Core (~> 1.1)
  - GoogleToolboxForMac/DebugUtils (2.1.3):
    - GoogleToolboxForMac/Defines (= 2.1.3)
  - GoogleToolboxForMac/Defines (2.1.3)
  - GoogleToolboxForMac/Logger (2.1.3):
    - GoogleToolboxForMac/Defines (= 2.1.3)
  - GoogleToolboxForMac/NSData+zlib (2.1.3):
    - GoogleToolboxForMac/Defines (= 2.1.3)
  - GoogleToolboxForMac/NSDictionary+URLArguments (2.1.3):
    - GoogleToolboxForMac/DebugUtils (= 2.1.3)
    - GoogleToolboxForMac/Defines (= 2.1.3)
    - GoogleToolboxForMac/NSString+URLArguments (= 2.1.3)
  - GoogleToolboxForMac/NSString+URLArguments (2.1.3)
  - gRPC (1.10.0):
    - gRPC-RxLibrary (= 1.10.0)
    - gRPC/Main (= 1.10.0)
  - gRPC-Core (1.10.0):
    - gRPC-Core/Implementation (= 1.10.0)
    - gRPC-Core/Interface (= 1.10.0)
  - gRPC-Core/Implementation (1.10.0):
    - BoringSSL (~> 10.0)
    - gRPC-Core/Interface (= 1.10.0)
    - nanopb (~> 0.3)
  - gRPC-Core/Interface (1.10.0)
  - gRPC-ProtoRPC (1.10.0):
    - gRPC (= 1.10.0)
    - gRPC-RxLibrary (= 1.10.0)
    - Protobuf (~> 3.0)
  - gRPC-RxLibrary (1.10.0)
  - gRPC/Main (1.10.0):
    - gRPC-Core (= 1.10.0)
    - gRPC-RxLibrary (= 1.10.0)
  - GTMOAuth2 (1.1.6):
    - GTMSessionFetcher (~> 1.1)
  - GTMSessionFetcher (1.1.14):
    - GTMSessionFetcher/Full (= 1.1.14)
  - GTMSessionFetcher/Core (1.1.14)
  - GTMSessionFetcher/Full (1.1.14):
    - GTMSessionFetcher/Core (= 1.1.14)
  - IQKeyboardManagerSwift (5.0.7)
  - leveldb-library (1.20)
  - nanopb (0.3.8):
    - nanopb/decode (= 0.3.8)
    - nanopb/encode (= 0.3.8)
  - nanopb/decode (0.3.8)
  - nanopb/encode (0.3.8)
  - NVActivityIndicatorView (4.1.1):
    - NVActivityIndicatorView/Presenter (= 4.1.1)
  - NVActivityIndicatorView/Presenter (4.1.1)
  - paper-onboarding (4.0.1)
  - Protobuf (3.5.0)
  - SDWebImage (4.3.2):
    - SDWebImage/Core (= 4.3.2)
  - SDWebImage/Core (4.3.2)
  - SwiftyStoreKit (0.13.1)

DEPENDENCIES:
  - FBSDKCoreKit
  - FBSDKLoginKit
  - FBSDKShareKit
  - Firebase
  - Firebase/Auth
  - Firebase/Core
  - Firebase/Database
  - Firebase/Firestore
  - Firebase/Messaging
  - Firebase/Storage
  - GoogleMaps (= 2.2)
  - GooglePlaces (= 2.2)
  - GooglePlacesSearchController
  - GoogleSignIn
  - IQKeyboardManagerSwift
  - NVActivityIndicatorView
  - paper-onboarding
  - SDWebImage
  - SwiftyStoreKit

SPEC CHECKSUMS:
  Bolts: ac6567323eac61e203f6a9763667d0f711be34c8
  BoringSSL: 32764dbaf5f5888cf51fbaa172a010126b41bcd4
  FBSDKCoreKit: 54db4c581123745d25a9f7c1608020b3aeabd118
  FBSDKLoginKit: 95a252ddffd6919c0f132a02292f0824616d8709
  FBSDKShareKit: 7c3a2e6bb5be15676aebe256444afb18c5d238b3
  Firebase: 632216af3ed7f31e3be34776947fdc7546cfb572
  FirebaseAnalytics: 388b630c15713f5dbf364071f5f3d6077fb52f4e
  FirebaseAuth: aaaf68d5064a6c8fec435758f83a43b8db26ccaa
  FirebaseCore: 3bd047463058fa6b5d312c97502c52e45401cdfb
  FirebaseDatabase: de4446507ccd3257fca37d16f40e1540324571fd
  FirebaseFirestore: a6db7a47c6a47d26069892d7db39f7792f2f7f9a
  FirebaseInstanceID: d2058a35e9bebda1b6dd42486b84917bde552a9d
  FirebaseMessaging: 2bafab2d0f3ab3dfd753101c2c32995c2051b5da
  FirebaseStorage: 181bb543d39ee3c53e0558de7ba86b1286a0427f
  GoogleMaps: 104c418d61ab8a05dff06ed0784c25ea9d37da45
  GooglePlaces: bca867d5e9da15384c794b945e4226848bc6e9d9
  GooglePlacesSearchController: 0ac4fedf1582d2e44329c417a6eed80ccf62d716
  GoogleSignIn: d9ef55b10f0aa401a5de2747f59b725e4b9732ac
  GoogleToolboxForMac: 2501e2ad72a52eb3dfe7bd9aee7dad11b858bd20
  gRPC: f54f0e6d603052b4562447da442ce2ff30bcdacc
  gRPC-Core: a030b1678ded49c88ec5ba7c90ee8ee5f47ec6e1
  gRPC-ProtoRPC: 22712b23eb1bda656a59715fa5c1da0ea1493ea4
  gRPC-RxLibrary: a41a4652d220f230ba1c0491a94ce2ee04c6180a
  GTMOAuth2: c77fe325e4acd453837e72d91e3b5f13116857b2
  GTMSessionFetcher: 390ea358e5a0d0133153806f744662dad933d06b
  IQKeyboardManagerSwift: 30fb3a61de1af53a95e02b80fb54ed0a19d5ede5
  leveldb-library: 08cba283675b7ed2d99629a4bc5fd052cd2bb6a5
  nanopb: 5601e6bca2dbf1ed831b519092ec110f66982ca3
  NVActivityIndicatorView: 60109b9bf46efc2e71ab81453196ccdfdfeea870
  paper-onboarding: ecb43c83e4e4f90137f228b8e9d87ca5aee591ee
  Protobuf: 8a9838fba8dae3389230e1b7f8c104aa32389c03
  SDWebImage: 29bd3c0bc1f01e5eb59720847c64ad4c4ca1af5d
  SwiftyStoreKit: c36bb7841dd51a485ce5c38abf9e96fba988741f

PODFILE CHECKSUM: 0a062d8318e12963155d8c88dbe5ae1dc82b9151

COCOAPODS: 1.4.0
