// !$*UTF8*$!
{
	archiveVersion = 1;
	classes = {
	};
	objectVersion = 46;
	objects = {

/* Begin PBXBuildFile section */
		4687A00D1DFCB9A80067F773 /* AppDelegate.swift in Sources */ = {isa = PBXBuildFile; fileRef = 4687A00C1DFCB9A80067F773 /* AppDelegate.swift */; };
		4687A00F1DFCB9A80067F773 /* ViewController.swift in Sources */ = {isa = PBXBuildFile; fileRef = 4687A00E1DFCB9A80067F773 /* ViewController.swift */; };
		4687A0121DFCB9A80067F773 /* Main.storyboard in Resources */ = {isa = PBXBuildFile; fileRef = 4687A0101DFCB9A80067F773 /* Main.storyboard */; };
		4687A0151DFCB9A80067F773 /* WebblenEvents.xcdatamodeld in Sources */ = {isa = PBXBuildFile; fileRef = 4687A0131DFCB9A80067F773 /* WebblenEvents.xcdatamodeld */; };
		4687A0171DFCB9A80067F773 /* Assets.xcassets in Resources */ = {isa = PBXBuildFile; fileRef = 4687A0161DFCB9A80067F773 /* Assets.xcassets */; };
		4687A01A1DFCB9A80067F773 /* LaunchScreen.storyboard in Resources */ = {isa = PBXBuildFile; fileRef = 4687A0181DFCB9A80067F773 /* LaunchScreen.storyboard */; };
/* End PBXBuildFile section */

/* Begin PBXFileReference section */
		4687A0091DFCB9A80067F773 /* WebblenEvents.app */ = {isa = PBXFileReference; explicitFileType = wrapper.application; includeInIndex = 0; path = WebblenEvents.app; sourceTree = BUILT_PRODUCTS_DIR; };
		4687A00C1DFCB9A80067F773 /* AppDelegate.swift */ = {isa = PBXFileReference; lastKnownFileType = sourcecode.swift; path = AppDelegate.swift; sourceTree = "<group>"; };
		4687A00E1DFCB9A80067F773 /* ViewController.swift */ = {isa = PBXFileReference; lastKnownFileType = sourcecode.swift; path = ViewController.swift; sourceTree = "<group>"; };
		4687A0111DFCB9A80067F773 /* Base */ = {isa = PBXFileReference; lastKnownFileType = file.storyboard; name = Base; path = Base.lproj/Main.storyboard; sourceTree = "<group>"; };
		4687A0141DFCB9A80067F773 /* WebblenEvents.xcdatamodel */ = {isa = PBXFileReference; lastKnownFileType = wrapper.xcdatamodel; path = WebblenEvents.xcdatamodel; sourceTree = "<group>"; };
		4687A0161DFCB9A80067F773 /* Assets.xcassets */ = {isa = PBXFileReference; lastKnownFileType = folder.assetcatalog; path = Assets.xcassets; sourceTree = "<group>"; };
		4687A0191DFCB9A80067F773 /* Base */ = {isa = PBXFileReference; lastKnownFileType = file.storyboard; name = Base; path = Base.lproj/LaunchScreen.storyboard; sourceTree = "<group>"; };
		4687A01B1DFCB9A80067F773 /* Info.plist */ = {isa = PBXFileReference; lastKnownFileType = text.plist.xml; path = Info.plist; sourceTree = "<group>"; };
/* End PBXFileReference section */

/* Begin PBXFrameworksBuildPhase section */
		4687A0061DFCB9A80067F773 /* Frameworks */ = {
			isa = PBXFrameworksBuildPhase;
			buildActionMask = 2147483647;
			files = (
			);
			runOnlyForDeploymentPostprocessing = 0;
		};
/* End PBXFrameworksBuildPhase section */

/* Begin PBXGroup section */
		4687A0001DFCB9A80067F773 = {
			isa = PBXGroup;
			children = (
				4687A00B1DFCB9A80067F773 /* WebblenEvents */,
				4687A00A1DFCB9A80067F773 /* Products */,
			);
			sourceTree = "<group>";
		};
		4687A00A1DFCB9A80067F773 /* Products */ = {
			isa = PBXGroup;
			children = (
				4687A0091DFCB9A80067F773 /* WebblenEvents.app */,
			);
			name = Products;
			sourceTree = "<group>";
		};
		4687A00B1DFCB9A80067F773 /* WebblenEvents */ = {
			isa = PBXGroup;
			children = (
				4687A00C1DFCB9A80067F773 /* AppDelegate.swift */,
				4687A00E1DFCB9A80067F773 /* ViewController.swift */,
				4687A0101DFCB9A80067F773 /* Main.storyboard */,
				4687A0161DFCB9A80067F773 /* Assets.xcassets */,
				4687A0181DFCB9A80067F773 /* LaunchScreen.storyboard */,
				4687A01B1DFCB9A80067F773 /* Info.plist */,
				4687A0131DFCB9A80067F773 /* WebblenEvents.xcdatamodeld */,
			);
			path = WebblenEvents;
			sourceTree = "<group>";
		};
/* End PBXGroup section */

/* Begin PBXNativeTarget section */
		4687A0081DFCB9A80067F773 /* WebblenEvents */ = {
			isa = PBXNativeTarget;
			buildConfigurationList = 4687A01E1DFCB9A80067F773 /* Build configuration list for PBXNativeTarget "WebblenEvents" */;
			buildPhases = (
				4687A0051DFCB9A80067F773 /* Sources */,
				4687A0061DFCB9A80067F773 /* Frameworks */,
				4687A0071DFCB9A80067F773 /* Resources */,
			);
			buildRules = (
			);
			dependencies = (
			);
			name = WebblenEvents;
			productName = WebblenEvents;
			productReference = 4687A0091DFCB9A80067F773 /* WebblenEvents.app */;
			productType = "com.apple.product-type.application";
		};
/* End PBXNativeTarget section */

/* Begin PBXProject section */
		4687A0011DFCB9A80067F773 /* Project object */ = {
			isa = PBXProject;
			attributes = {
				LastSwiftUpdateCheck = 0810;
				LastUpgradeCheck = 0810;
				ORGANIZATIONNAME = "Mukai Selekwa";
				TargetAttributes = {
					4687A0081DFCB9A80067F773 = {
						CreatedOnToolsVersion = 8.1;
						DevelopmentTeam = Q7J755A3GA;
						ProvisioningStyle = Automatic;
					};
				};
			};
			buildConfigurationList = 4687A0041DFCB9A80067F773 /* Build configuration list for PBXProject "WebblenEvents" */;
			compatibilityVersion = "Xcode 3.2";
			developmentRegion = English;
			hasScannedForEncodings = 0;
			knownRegions = (
				en,
				Base,
			);
			mainGroup = 4687A0001DFCB9A80067F773;
			productRefGroup = 4687A00A1DFCB9A80067F773 /* Products */;
			projectDirPath = "";
			projectRoot = "";
			targets = (
				4687A0081DFCB9A80067F773 /* WebblenEvents */,
			);
		};
/* End PBXProject section */

/* Begin PBXResourcesBuildPhase section */
		4687A0071DFCB9A80067F773 /* Resources */ = {
			isa = PBXResourcesBuildPhase;
			buildActionMask = 2147483647;
			files = (
				4687A01A1DFCB9A80067F773 /* LaunchScreen.storyboard in Resources */,
				4687A0171DFCB9A80067F773 /* Assets.xcassets in Resources */,
				4687A0121DFCB9A80067F773 /* Main.storyboard in Resources */,
			);
			runOnlyForDeploymentPostprocessing = 0;
		};
/* End PBXResourcesBuildPhase section */

/* Begin PBXSourcesBuildPhase section */
		4687A0051DFCB9A80067F773 /* Sources */ = {
			isa = PBXSourcesBuildPhase;
			buildActionMask = 2147483647;
			files = (
				4687A00F1DFCB9A80067F773 /* ViewController.swift in Sources */,
				4687A0151DFCB9A80067F773 /* WebblenEvents.xcdatamodeld in Sources */,
				4687A00D1DFCB9A80067F773 /* AppDelegate.swift in Sources */,
			);
			runOnlyForDeploymentPostprocessing = 0;
		};
/* End PBXSourcesBuildPhase section */

/* Begin PBXVariantGroup section */
		4687A0101DFCB9A80067F773 /* Main.storyboard */ = {
			isa = PBXVariantGroup;
			children = (
				4687A0111DFCB9A80067F773 /* Base */,
			);
			name = Main.storyboard;
			sourceTree = "<group>";
		};
		4687A0181DFCB9A80067F773 /* LaunchScreen.storyboard */ = {
			isa = PBXVariantGroup;
			children = (
				4687A0191DFCB9A80067F773 /* Base */,
			);
			name = LaunchScreen.storyboard;
			sourceTree = "<group>";
		};
/* End PBXVariantGroup section */

/* Begin XCBuildConfiguration section */
		4687A01C1DFCB9A80067F773 /* Debug */ = {
			isa = XCBuildConfiguration;
			buildSettings = {
				ALWAYS_SEARCH_USER_PATHS = NO;
				CLANG_ANALYZER_NONNULL = YES;
				CLANG_CXX_LANGUAGE_STANDARD = "gnu++0x";
				CLANG_CXX_LIBRARY = "libc++";
				CLANG_ENABLE_MODULES = YES;
				CLANG_ENABLE_OBJC_ARC = YES;
				CLANG_WARN_BOOL_CONVERSION = YES;
				CLANG_WARN_CONSTANT_CONVERSION = YES;
				CLANG_WARN_DIRECT_OBJC_ISA_USAGE = YES_ERROR;
				CLANG_WARN_DOCUMENTATION_COMMENTS = YES;
				CLANG_WARN_EMPTY_BODY = YES;
				CLANG_WARN_ENUM_CONVERSION = YES;
				CLANG_WARN_INFINITE_RECURSION = YES;
				CLANG_WARN_INT_CONVERSION = YES;
				CLANG_WARN_OBJC_ROOT_CLASS = YES_ERROR;
				CLANG_WARN_SUSPICIOUS_MOVES = YES;
				CLANG_WARN_UNREACHABLE_CODE = YES;
				CLANG_WARN__DUPLICATE_METHOD_MATCH = YES;
				"CODE_SIGN_IDENTITY[sdk=iphoneos*]" = "iPhone Developer";
				COPY_PHASE_STRIP = NO;
				DEBUG_INFORMATION_FORMAT = dwarf;
				ENABLE_STRICT_OBJC_MSGSEND = YES;
				ENABLE_TESTABILITY = YES;
				GCC_C_LANGUAGE_STANDARD = gnu99;
				GCC_DYNAMIC_NO_PIC = NO;
				GCC_NO_COMMON_BLOCKS = YES;
				GCC_OPTIMIZATION_LEVEL = 0;
				GCC_PREPROCESSOR_DEFINITIONS = (
					"DEBUG=1",
					"$(inherited)",
				);
				GCC_WARN_64_TO_32_BIT_CONVERSION = YES;
				GCC_WARN_ABOUT_RETURN_TYPE = YES_ERROR;
				GCC_WARN_UNDECLARED_SELECTOR = YES;
				GCC_WARN_UNINITIALIZED_AUTOS = YES_AGGRESSIVE;
				GCC_WARN_UNUSED_FUNCTION = YES;
				GCC_WARN_UNUSED_VARIABLE = YES;
				IPHONEOS_DEPLOYMENT_TARGET = 10.1;
				MTL_ENABLE_DEBUG_INFO = YES;
				ONLY_ACTIVE_ARCH = YES;
				SDKROOT = iphoneos;
				SWIFT_ACTIVE_COMPILATION_CONDITIONS = DEBUG;
				SWIFT_OPTIMIZATION_LEVEL = "-Onone";
				TARGETED_DEVICE_FAMILY = "1,2";
			};
			name = Debug;
		};
		4687A01D1DFCB9A80067F773 /* Release */ = {
			isa = XCBuildConfiguration;
			buildSettings = {
				ALWAYS_SEARCH_USER_PATHS = NO;
				CLANG_ANALYZER_NONNULL = YES;
				CLANG_CXX_LANGUAGE_STANDARD = "gnu++0x";
				CLANG_CXX_LIBRARY = "libc++";
				CLANG_ENABLE_MODULES = YES;
				CLANG_ENABLE_OBJC_ARC = YES;
				CLANG_WARN_BOOL_CONVERSION = YES;
				CLANG_WARN_CONSTANT_CONVERSION = YES;
				CLANG_WARN_DIRECT_OBJC_ISA_USAGE = YES_ERROR;
				CLANG_WARN_DOCUMENTATION_COMMENTS = YES;
				CLANG_WARN_EMPTY_BODY = YES;
				CLANG_WARN_ENUM_CONVERSION = YES;
				CLANG_WARN_INFINITE_RECURSION = YES;
				CLANG_WARN_INT_CONVERSION = YES;
				CLANG_WARN_OBJC_ROOT_CLASS = YES_ERROR;
				CLANG_WARN_SUSPICIOUS_MOVES = YES;
				CLANG_WARN_UNREACHABLE_CODE = YES;
				CLANG_WARN__DUPLICATE_METHOD_MATCH = YES;
				"CODE_SIGN_IDENTITY[sdk=iphoneos*]" = "iPhone Developer";
				COPY_PHASE_STRIP = NO;
				DEBUG_INFORMATION_FORMAT = "dwarf-with-dsym";
				ENABLE_NS_ASSERTIONS = NO;
				ENABLE_STRICT_OBJC_MSGSEND = YES;
				GCC_C_LANGUAGE_STANDARD = gnu99;
				GCC_NO_COMMON_BLOCKS = YES;
				GCC_WARN_64_TO_32_BIT_CONVERSION = YES;
				GCC_WARN_ABOUT_RETURN_TYPE = YES_ERROR;
				GCC_WARN_UNDECLARED_SELECTOR = YES;
				GCC_WARN_UNINITIALIZED_AUTOS = YES_AGGRESSIVE;
				GCC_WARN_UNUSED_FUNCTION = YES;
				GCC_WARN_UNUSED_VARIABLE = YES;
				IPHONEOS_DEPLOYMENT_TARGET = 10.1;
				MTL_ENABLE_DEBUG_INFO = NO;
				SDKROOT = iphoneos;
				SWIFT_OPTIMIZATION_LEVEL = "-Owholemodule";
				TARGETED_DEVICE_FAMILY = "1,2";
				VALIDATE_PRODUCT = YES;
			};
			name = Release;
		};
		4687A01F1DFCB9A80067F773 /* Debug */ = {
			isa = XCBuildConfiguration;
			buildSettings = {
				ASSETCATALOG_COMPILER_APPICON_NAME = AppIcon;
				DEVELOPMENT_TEAM = Q7J755A3GA;
				INFOPLIST_FILE = WebblenEvents/Info.plist;
				LD_RUNPATH_SEARCH_PATHS = "$(inherited) @executable_path/Frameworks";
				PRODUCT_BUNDLE_IDENTIFIER = com.webblen.WebblenEvents;
				PRODUCT_NAME = "$(TARGET_NAME)";
				SWIFT_VERSION = 3.0;
			};
			name = Debug;
		};
		4687A0201DFCB9A80067F773 /* Release */ = {
			isa = XCBuildConfiguration;
			buildSettings = {
				ASSETCATALOG_COMPILER_APPICON_NAME = AppIcon;
				DEVELOPMENT_TEAM = Q7J755A3GA;
				INFOPLIST_FILE = WebblenEvents/Info.plist;
				LD_RUNPATH_SEARCH_PATHS = "$(inherited) @executable_path/Frameworks";
				PRODUCT_BUNDLE_IDENTIFIER = com.webblen.WebblenEvents;
				PRODUCT_NAME = "$(TARGET_NAME)";
				SWIFT_VERSION = 3.0;
			};
			name = Release;
		};
/* End XCBuildConfiguration section */

/* Begin XCConfigurationList section */
		4687A0041DFCB9A80067F773 /* Build configuration list for PBXProject "WebblenEvents" */ = {
			isa = XCConfigurationList;
			buildConfigurations = (
				4687A01C1DFCB9A80067F773 /* Debug */,
				4687A01D1DFCB9A80067F773 /* Release */,
			);
			defaultConfigurationIsVisible = 0;
			defaultConfigurationName = Release;
		};
		4687A01E1DFCB9A80067F773 /* Build configuration list for PBXNativeTarget "WebblenEvents" */ = {
			isa = XCConfigurationList;
			buildConfigurations = (
				4687A01F1DFCB9A80067F773 /* Debug */,
				4687A0201DFCB9A80067F773 /* Release */,
			);
			defaultConfigurationIsVisible = 0;
		};
/* End XCConfigurationList section */

/* Begin XCVersionGroup section */
		4687A0131DFCB9A80067F773 /* WebblenEvents.xcdatamodeld */ = {
			isa = XCVersionGroup;
			children = (
				4687A0141DFCB9A80067F773 /* WebblenEvents.xcdatamodel */,
			);
			currentVersion = 4687A0141DFCB9A80067F773 /* WebblenEvents.xcdatamodel */;
			path = WebblenEvents.xcdatamodeld;
			sourceTree = "<group>";
			versionGroupType = wrapper.xcdatamodel;
		};
/* End XCVersionGroup section */
	};
	rootObject = 4687A0011DFCB9A80067F773 /* Project object */;
}
